
Microsoft Visual Studio Solution File, Format Version 12.00
# Visual Studio 15
VisualStudioVersion = 15.0.28307.421
MinimumVisualStudioVersion = 10.0.40219.1
Project("{FAE04EC0-301F-11D3-BF4B-00C04F79EFBC}") = "test.net", "test.net\test.net.csproj", "{969CC20B-AC64-48F7-8802-324718379686}"
EndProject
Project("{FAE04EC0-301F-11D3-BF4B-00C04F79EFBC}") = "test.DAL", "test.DAL\test.DAL.csproj", "{83A91389-1B6E-48BB-99BD-56DD6A67EB90}"
EndProject
Project("{FAE04EC0-301F-11D3-BF4B-00C04F79EFBC}") = "BLL", "BLL\BLL.csproj", "{8C0FFDAA-C05F-4962-B4EE-F9CC82CD57D6}"
EndProject
Global
	GlobalSection(SolutionConfigurationPlatforms) = preSolution
		Debug|Any CPU = Debug|Any CPU
		Release|Any CPU = Release|Any CPU
	EndGlobalSection
	GlobalSection(ProjectConfigurationPlatforms) = postSolution
		{969CC20B-AC64-48F7-8802-324718379686}.Debug|Any CPU.ActiveCfg = Debug|Any CPU
		{969CC20B-AC64-48F7-8802-324718379686}.Debug|Any CPU.Build.0 = Debug|Any CPU
		{969CC20B-AC64-48F7-8802-324718379686}.Release|Any CPU.ActiveCfg = Release|Any CPU
		{969CC20B-AC64-48F7-8802-324718379686}.Release|Any CPU.Build.0 = Release|Any CPU
		{83A91389-1B6E-48BB-99BD-56DD6A67EB90}.Debug|Any CPU.ActiveCfg = Debug|Any CPU
		{83A91389-1B6E-48BB-99BD-56DD6A67EB90}.Debug|Any CPU.Build.0 = Debug|Any CPU
		{83A91389-1B6E-48BB-99BD-56DD6A67EB90}.Release|Any CPU.ActiveCfg = Release|Any CPU
		{83A91389-1B6E-48BB-99BD-56DD6A67EB90}.Release|Any CPU.Build.0 = Release|Any CPU
		{8C0FFDAA-C05F-4962-B4EE-F9CC82CD57D6}.Debug|Any CPU.ActiveCfg = Debug|Any CPU
		{8C0FFDAA-C05F-4962-B4EE-F9CC82CD57D6}.Debug|Any CPU.Build.0 = Debug|Any CPU
		{8C0FFDAA-C05F-4962-B4EE-F9CC82CD57D6}.Release|Any CPU.ActiveCfg = Release|Any CPU
		{8C0FFDAA-C05F-4962-B4EE-F9CC82CD57D6}.Release|Any CPU.Build.0 = Release|Any CPU
	EndGlobalSection
	GlobalSection(SolutionProperties) = preSolution
		HideSolutionNode = FALSE
	EndGlobalSection
	GlobalSection(ExtensibilityGlobals) = postSolution
		SolutionGuid = {A6EF847A-A59C-44D3-9B7C-2D521615C46A}
	EndGlobalSection
EndGlobal
